
Microsoft Visual Studio Solution File, Format Version 12.00
# Visual Studio Version 16
VisualStudioVersion = 16.0.31729.503
MinimumVisualStudioVersion = 10.0.40219.1
Project("{FAE04EC0-301F-11D3-BF4B-00C04F79EFBC}") = "Top3SachMuon", "Top3SachMuon\Top3SachMuon.csproj", "{D6A97898-61FE-4731-8F0C-2B6BD4CFD6C7}"
EndProject
Global
	GlobalSection(SolutionConfigurationPlatforms) = preSolution
		Debug|Any CPU = Debug|Any CPU
		Release|Any CPU = Release|Any CPU
	EndGlobalSection
	GlobalSection(ProjectConfigurationPlatforms) = postSolution
		{D6A97898-61FE-4731-8F0C-2B6BD4CFD6C7}.Debug|Any CPU.ActiveCfg = Debug|Any CPU
		{D6A97898-61FE-4731-8F0C-2B6BD4CFD6C7}.Debug|Any CPU.Build.0 = Debug|Any CPU
		{D6A97898-61FE-4731-8F0C-2B6BD4CFD6C7}.Release|Any CPU.ActiveCfg = Release|Any CPU
		{D6A97898-61FE-4731-8F0C-2B6BD4CFD6C7}.Release|Any CPU.Build.0 = Release|Any CPU
	EndGlobalSection
	GlobalSection(SolutionProperties) = preSolution
		HideSolutionNode = FALSE
	EndGlobalSection
	GlobalSection(ExtensibilityGlobals) = postSolution
		SolutionGuid = {E849DBAA-7A66-4F56-9263-80D5A7942B3A}
	EndGlobalSection
EndGlobal
