
Microsoft Visual Studio Solution File, Format Version 12.00
# Visual Studio Version 16
VisualStudioVersion = 16.0.31729.503
MinimumVisualStudioVersion = 10.0.40219.1
Project("{FAE04EC0-301F-11D3-BF4B-00C04F79EFBC}") = "DangNhap", "DangNhap\DangNhap.csproj", "{12CDBA5D-685A-4639-8B7F-C9983FB6CC4C}"
EndProject
Global
	GlobalSection(SolutionConfigurationPlatforms) = preSolution
		Debug|Any CPU = Debug|Any CPU
		Release|Any CPU = Release|Any CPU
	EndGlobalSection
	GlobalSection(ProjectConfigurationPlatforms) = postSolution
		{12CDBA5D-685A-4639-8B7F-C9983FB6CC4C}.Debug|Any CPU.ActiveCfg = Debug|Any CPU
		{12CDBA5D-685A-4639-8B7F-C9983FB6CC4C}.Debug|Any CPU.Build.0 = Debug|Any CPU
		{12CDBA5D-685A-4639-8B7F-C9983FB6CC4C}.Release|Any CPU.ActiveCfg = Release|Any CPU
		{12CDBA5D-685A-4639-8B7F-C9983FB6CC4C}.Release|Any CPU.Build.0 = Release|Any CPU
	EndGlobalSection
	GlobalSection(SolutionProperties) = preSolution
		HideSolutionNode = FALSE
	EndGlobalSection
	GlobalSection(ExtensibilityGlobals) = postSolution
		SolutionGuid = {3E938F32-6E3F-485A-9D00-11BE0EBE1430}
	EndGlobalSection
EndGlobal
