
Microsoft Visual Studio Solution File, Format Version 12.00
# Visual Studio Version 16
VisualStudioVersion = 16.0.31729.503
MinimumVisualStudioVersion = 10.0.40219.1
Project("{FAE04EC0-301F-11D3-BF4B-00C04F79EFBC}") = "TimKiemSach", "TimKiemSach\TimKiemSach.csproj", "{83DC0861-2474-4597-8106-274CBFDB4957}"
EndProject
Global
	GlobalSection(SolutionConfigurationPlatforms) = preSolution
		Debug|Any CPU = Debug|Any CPU
		Release|Any CPU = Release|Any CPU
	EndGlobalSection
	GlobalSection(ProjectConfigurationPlatforms) = postSolution
		{83DC0861-2474-4597-8106-274CBFDB4957}.Debug|Any CPU.ActiveCfg = Debug|Any CPU
		{83DC0861-2474-4597-8106-274CBFDB4957}.Debug|Any CPU.Build.0 = Debug|Any CPU
		{83DC0861-2474-4597-8106-274CBFDB4957}.Release|Any CPU.ActiveCfg = Release|Any CPU
		{83DC0861-2474-4597-8106-274CBFDB4957}.Release|Any CPU.Build.0 = Release|Any CPU
	EndGlobalSection
	GlobalSection(SolutionProperties) = preSolution
		HideSolutionNode = FALSE
	EndGlobalSection
	GlobalSection(ExtensibilityGlobals) = postSolution
		SolutionGuid = {7991CB34-71FA-4197-BB1E-8386AB0305F4}
	EndGlobalSection
EndGlobal
