
Microsoft Visual Studio Solution File, Format Version 12.00
# Visual Studio Version 17
VisualStudioVersion = 17.1.31903.286
MinimumVisualStudioVersion = 10.0.40219.1
Project("{FAE04EC0-301F-11D3-BF4B-00C04F79EFBC}") = "GiơiThieuApp", "GiơiThieuApp\GiơiThieuApp.csproj", "{BE78A551-0E3F-40A5-A396-E65B61C60182}"
EndProject
Global
	GlobalSection(SolutionConfigurationPlatforms) = preSolution
		Debug|Any CPU = Debug|Any CPU
		Release|Any CPU = Release|Any CPU
	EndGlobalSection
	GlobalSection(ProjectConfigurationPlatforms) = postSolution
		{BE78A551-0E3F-40A5-A396-E65B61C60182}.Debug|Any CPU.ActiveCfg = Debug|Any CPU
		{BE78A551-0E3F-40A5-A396-E65B61C60182}.Debug|Any CPU.Build.0 = Debug|Any CPU
		{BE78A551-0E3F-40A5-A396-E65B61C60182}.Release|Any CPU.ActiveCfg = Release|Any CPU
		{BE78A551-0E3F-40A5-A396-E65B61C60182}.Release|Any CPU.Build.0 = Release|Any CPU
	EndGlobalSection
	GlobalSection(SolutionProperties) = preSolution
		HideSolutionNode = FALSE
	EndGlobalSection
	GlobalSection(ExtensibilityGlobals) = postSolution
		SolutionGuid = {8D823FE2-4D33-436B-A17B-8E144F431A08}
	EndGlobalSection
EndGlobal
