
Microsoft Visual Studio Solution File, Format Version 12.00
# Visual Studio Version 17
VisualStudioVersion = 17.1.31903.286
MinimumVisualStudioVersion = 10.0.40219.1
Project("{FAE04EC0-301F-11D3-BF4B-00C04F79EFBC}") = "DS_MuonQuaHan", "DS_MuonQuaHan\DS_MuonQuaHan.csproj", "{FFECAF81-0BFE-4E1E-8348-EEFEA0D7F9EE}"
EndProject
Global
	GlobalSection(SolutionConfigurationPlatforms) = preSolution
		Debug|Any CPU = Debug|Any CPU
		Release|Any CPU = Release|Any CPU
	EndGlobalSection
	GlobalSection(ProjectConfigurationPlatforms) = postSolution
		{FFECAF81-0BFE-4E1E-8348-EEFEA0D7F9EE}.Debug|Any CPU.ActiveCfg = Debug|Any CPU
		{FFECAF81-0BFE-4E1E-8348-EEFEA0D7F9EE}.Debug|Any CPU.Build.0 = Debug|Any CPU
		{FFECAF81-0BFE-4E1E-8348-EEFEA0D7F9EE}.Release|Any CPU.ActiveCfg = Release|Any CPU
		{FFECAF81-0BFE-4E1E-8348-EEFEA0D7F9EE}.Release|Any CPU.Build.0 = Release|Any CPU
	EndGlobalSection
	GlobalSection(SolutionProperties) = preSolution
		HideSolutionNode = FALSE
	EndGlobalSection
	GlobalSection(ExtensibilityGlobals) = postSolution
		SolutionGuid = {74FCB092-FB27-47EE-B8BF-19012F9DA14F}
	EndGlobalSection
EndGlobal
