
Microsoft Visual Studio Solution File, Format Version 12.00
# Visual Studio Version 16
VisualStudioVersion = 16.0.31729.503
MinimumVisualStudioVersion = 10.0.40219.1
Project("{FAE04EC0-301F-11D3-BF4B-00C04F79EFBC}") = "CapNhatMatKhau", "CapNhatMatKhau\CapNhatMatKhau.csproj", "{5E1EED7E-1706-4713-A982-EF2C331DDB80}"
EndProject
Global
	GlobalSection(SolutionConfigurationPlatforms) = preSolution
		Debug|Any CPU = Debug|Any CPU
		Release|Any CPU = Release|Any CPU
	EndGlobalSection
	GlobalSection(ProjectConfigurationPlatforms) = postSolution
		{5E1EED7E-1706-4713-A982-EF2C331DDB80}.Debug|Any CPU.ActiveCfg = Debug|Any CPU
		{5E1EED7E-1706-4713-A982-EF2C331DDB80}.Debug|Any CPU.Build.0 = Debug|Any CPU
		{5E1EED7E-1706-4713-A982-EF2C331DDB80}.Release|Any CPU.ActiveCfg = Release|Any CPU
		{5E1EED7E-1706-4713-A982-EF2C331DDB80}.Release|Any CPU.Build.0 = Release|Any CPU
	EndGlobalSection
	GlobalSection(SolutionProperties) = preSolution
		HideSolutionNode = FALSE
	EndGlobalSection
	GlobalSection(ExtensibilityGlobals) = postSolution
		SolutionGuid = {DDAC9F3C-AB22-489B-B044-7EC5FCA48548}
	EndGlobalSection
EndGlobal
